// !$*UTF8*$!
{
	archiveVersion = 1;
	classes = {
	};
	objectVersion = 46;
	objects = {

/* Begin PBXBuildFile section */
		4C20164A17817C8100CBF606 /* AppDelegate.m in Sources */ = {isa = PBXBuildFile; fileRef = 4C20162D17817C8100CBF606 /* AppDelegate.m */; };
		4C20164B17817C8100CBF606 /* Default-568h@2x.png in Resources */ = {isa = PBXBuildFile; fileRef = 4C20162E17817C8100CBF606 /* Default-568h@2x.png */; };
		4C20164C17817C8100CBF606 /* Default.png in Resources */ = {isa = PBXBuildFile; fileRef = 4C20162F17817C8100CBF606 /* Default.png */; };
		4C20164D17817C8100CBF606 /* Default@2x.png in Resources */ = {isa = PBXBuildFile; fileRef = 4C20163017817C8100CBF606 /* Default@2x.png */; };
		4C20164E17817C8100CBF606 /* FirstViewController.xib in Resources */ = {isa = PBXBuildFile; fileRef = 4C20163117817C8100CBF606 /* FirstViewController.xib */; };
		4C20165017817C8100CBF606 /* SecondViewController.xib in Resources */ = {isa = PBXBuildFile; fileRef = 4C20163517817C8100CBF606 /* SecondViewController.xib */; };
		4C20165117817C8100CBF606 /* first.png in Resources */ = {isa = PBXBuildFile; fileRef = 4C20163717817C8100CBF606 /* first.png */; };
		4C20165217817C8100CBF606 /* first@2x.png in Resources */ = {isa = PBXBuildFile; fileRef = 4C20163817817C8100CBF606 /* first@2x.png */; };
		4C20165317817C8100CBF606 /* FirstViewController.m in Sources */ = {isa = PBXBuildFile; fileRef = 4C20163A17817C8100CBF606 /* FirstViewController.m */; };
		4C20165417817C8100CBF606 /* main.m in Sources */ = {isa = PBXBuildFile; fileRef = 4C20163B17817C8100CBF606 /* main.m */; };
		4C20165617817C8100CBF606 /* second.png in Resources */ = {isa = PBXBuildFile; fileRef = 4C20163D17817C8100CBF606 /* second.png */; };
		4C20165717817C8100CBF606 /* second@2x.png in Resources */ = {isa = PBXBuildFile; fileRef = 4C20163E17817C8100CBF606 /* second@2x.png */; };
		4C20165817817C8100CBF606 /* SecondViewController.m in Sources */ = {isa = PBXBuildFile; fileRef = 4C20164017817C8100CBF606 /* SecondViewController.m */; };
		4C20165A17817C8100CBF606 /* ThirdViewController.m in Sources */ = {isa = PBXBuildFile; fileRef = 4C20164417817C8100CBF606 /* ThirdViewController.m */; };
		4C20165B17817C8100CBF606 /* ThirdViewController.xib in Resources */ = {isa = PBXBuildFile; fileRef = 4C20164517817C8100CBF606 /* ThirdViewController.xib */; };
		4C20165C17817C8100CBF606 /* WebViewController.m in Sources */ = {isa = PBXBuildFile; fileRef = 4C20164717817C8100CBF606 /* WebViewController.m */; };
		4C20165D17817C8100CBF606 /* WebViewController.xib in Resources */ = {isa = PBXBuildFile; fileRef = 4C20164817817C8100CBF606 /* WebViewController.xib */; };
		4C6F32121786F35A004D4A99 /* bookmark.png in Resources */ = {isa = PBXBuildFile; fileRef = 4C6F31FE1786F35A004D4A99 /* bookmark.png */; };
		4C6F32131786F35A004D4A99 /* bookmark@2x.png in Resources */ = {isa = PBXBuildFile; fileRef = 4C6F31FF1786F35A004D4A99 /* bookmark@2x.png */; };
		4C6F32141786F35A004D4A99 /* camera.png in Resources */ = {isa = PBXBuildFile; fileRef = 4C6F32001786F35A004D4A99 /* camera.png */; };
		4C6F32151786F35A004D4A99 /* camera@2x.png in Resources */ = {isa = PBXBuildFile; fileRef = 4C6F32011786F35A004D4A99 /* camera@2x.png */; };
		4C6F32161786F35A004D4A99 /* camera_button.png in Resources */ = {isa = PBXBuildFile; fileRef = 4C6F32021786F35A004D4A99 /* camera_button.png */; };
		4C6F32171786F35A004D4A99 /* camera_button@2x.png in Resources */ = {isa = PBXBuildFile; fileRef = 4C6F32031786F35A004D4A99 /* camera_button@2x.png */; };
		4C6F32181786F35A004D4A99 /* home.png in Resources */ = {isa = PBXBuildFile; fileRef = 4C6F32041786F35A004D4A99 /* home.png */; };
		4C6F32191786F35A004D4A99 /* home@2x.png in Resources */ = {isa = PBXBuildFile; fileRef = 4C6F32051786F35A004D4A99 /* home@2x.png */; };
		4C6F321A1786F35A004D4A99 /* Icon.png in Resources */ = {isa = PBXBuildFile; fileRef = 4C6F32061786F35A004D4A99 /* Icon.png */; };
		4C6F321B1786F35A004D4A99 /* Icon@2x.png in Resources */ = {isa = PBXBuildFile; fileRef = 4C6F32071786F35A004D4A99 /* Icon@2x.png */; };
		4C6F321C1786F35A004D4A99 /* input_bar.png in Resources */ = {isa = PBXBuildFile; fileRef = 4C6F32081786F35A004D4A99 /* input_bar.png */; };
		4C6F321D1786F35A004D4A99 /* input_bar@2x.png in Resources */ = {isa = PBXBuildFile; fileRef = 4C6F32091786F35A004D4A99 /* input_bar@2x.png */; };
		4C6F321E1786F35A004D4A99 /* input_bg.png in Resources */ = {isa = PBXBuildFile; fileRef = 4C6F320A1786F35A004D4A99 /* input_bg.png */; };
		4C6F321F1786F35A004D4A99 /* input_bg@2x.png in Resources */ = {isa = PBXBuildFile; fileRef = 4C6F320B1786F35A004D4A99 /* input_bg@2x.png */; };
		4C6F32201786F35A004D4A99 /* login_button.png in Resources */ = {isa = PBXBuildFile; fileRef = 4C6F320C1786F35A004D4A99 /* login_button.png */; };
		4C6F32211786F35A004D4A99 /* login_button@2x.png in Resources */ = {isa = PBXBuildFile; fileRef = 4C6F320D1786F35A004D4A99 /* login_button@2x.png */; };
		4C6F32221786F35A004D4A99 /* login_page_bg.png in Resources */ = {isa = PBXBuildFile; fileRef = 4C6F320E1786F35A004D4A99 /* login_page_bg.png */; };
		4C6F32231786F35A004D4A99 /* login_page_bg@2x.png in Resources */ = {isa = PBXBuildFile; fileRef = 4C6F320F1786F35A004D4A99 /* login_page_bg@2x.png */; };
		4C6F32241786F35A004D4A99 /* splash_page.png in Resources */ = {isa = PBXBuildFile; fileRef = 4C6F32101786F35A004D4A99 /* splash_page.png */; };
		4C6F32251786F35A004D4A99 /* splash_page@2x.png in Resources */ = {isa = PBXBuildFile; fileRef = 4C6F32111786F35A004D4A99 /* splash_page@2x.png */; };
		4C6F32271786F3DB004D4A99 /* Default.png in Resources */ = {isa = PBXBuildFile; fileRef = 4C6F32261786F3DB004D4A99 /* Default.png */; };
		4C6F32291786F3E5004D4A99 /* Default@2x.png in Resources */ = {isa = PBXBuildFile; fileRef = 4C6F32281786F3E5004D4A99 /* Default@2x.png */; };
		4C6F322B1786F40C004D4A99 /* Icon.png in Resources */ = {isa = PBXBuildFile; fileRef = 4C6F322A1786F40C004D4A99 /* Icon.png */; };
		4C6F322D1786F413004D4A99 /* Icon@2x.png in Resources */ = {isa = PBXBuildFile; fileRef = 4C6F322C1786F413004D4A99 /* Icon@2x.png */; };
		4C6F322F178853F8004D4A99 /* MobileCoreServices.framework in Frameworks */ = {isa = PBXBuildFile; fileRef = 4C6F322E178853F8004D4A99 /* MobileCoreServices.framework */; };
		4C6F3231178857C4004D4A99 /* MediaPlayer.framework in Frameworks */ = {isa = PBXBuildFile; fileRef = 4C6F3230178857C4004D4A99 /* MediaPlayer.framework */; };
		4CD66BEA177D23360097C4AE /* UIKit.framework in Frameworks */ = {isa = PBXBuildFile; fileRef = 4CD66BE9177D23360097C4AE /* UIKit.framework */; };
		4CD66BEC177D23360097C4AE /* Foundation.framework in Frameworks */ = {isa = PBXBuildFile; fileRef = 4CD66BEB177D23360097C4AE /* Foundation.framework */; };
		4CD66BEE177D23360097C4AE /* CoreGraphics.framework in Frameworks */ = {isa = PBXBuildFile; fileRef = 4CD66BED177D23360097C4AE /* CoreGraphics.framework */; };
/* End PBXBuildFile section */

/* Begin PBXFileReference section */
		4C20162C17817C8100CBF606 /* AppDelegate.h */ = {isa = PBXFileReference; fileEncoding = 4; lastKnownFileType = sourcecode.c.h; path = AppDelegate.h; sourceTree = "<group>"; };
		4C20162D17817C8100CBF606 /* AppDelegate.m */ = {isa = PBXFileReference; fileEncoding = 4; lastKnownFileType = sourcecode.c.objc; path = AppDelegate.m; sourceTree = "<group>"; };
		4C20162E17817C8100CBF606 /* Default-568h@2x.png */ = {isa = PBXFileReference; lastKnownFileType = image.png; path = "Default-568h@2x.png"; sourceTree = "<group>"; };
		4C20162F17817C8100CBF606 /* Default.png */ = {isa = PBXFileReference; lastKnownFileType = image.png; path = Default.png; sourceTree = "<group>"; };
		4C20163017817C8100CBF606 /* Default@2x.png */ = {isa = PBXFileReference; lastKnownFileType = image.png; path = "Default@2x.png"; sourceTree = "<group>"; };
		4C20163217817C8100CBF606 /* en */ = {isa = PBXFileReference; lastKnownFileType = file.xib; name = en; path = en.lproj/FirstViewController.xib; sourceTree = "<group>"; };
		4C20163417817C8100CBF606 /* en */ = {isa = PBXFileReference; lastKnownFileType = text.plist.strings; name = en; path = en.lproj/InfoPlist.strings; sourceTree = "<group>"; };
		4C20163617817C8100CBF606 /* en */ = {isa = PBXFileReference; lastKnownFileType = file.xib; name = en; path = en.lproj/SecondViewController.xib; sourceTree = "<group>"; };
		4C20163717817C8100CBF606 /* first.png */ = {isa = PBXFileReference; lastKnownFileType = image.png; path = first.png; sourceTree = "<group>"; };
		4C20163817817C8100CBF606 /* first@2x.png */ = {isa = PBXFileReference; lastKnownFileType = image.png; path = "first@2x.png"; sourceTree = "<group>"; };
		4C20163917817C8100CBF606 /* FirstViewController.h */ = {isa = PBXFileReference; fileEncoding = 4; lastKnownFileType = sourcecode.c.h; path = FirstViewController.h; sourceTree = "<group>"; };
		4C20163A17817C8100CBF606 /* FirstViewController.m */ = {isa = PBXFileReference; fileEncoding = 4; lastKnownFileType = sourcecode.c.objc; path = FirstViewController.m; sourceTree = "<group>"; };
		4C20163B17817C8100CBF606 /* main.m */ = {isa = PBXFileReference; fileEncoding = 4; lastKnownFileType = sourcecode.c.objc; path = main.m; sourceTree = "<group>"; };
		4C20163D17817C8100CBF606 /* second.png */ = {isa = PBXFileReference; lastKnownFileType = image.png; path = second.png; sourceTree = "<group>"; };
		4C20163E17817C8100CBF606 /* second@2x.png */ = {isa = PBXFileReference; lastKnownFileType = image.png; path = "second@2x.png"; sourceTree = "<group>"; };
		4C20163F17817C8100CBF606 /* SecondViewController.h */ = {isa = PBXFileReference; fileEncoding = 4; lastKnownFileType = sourcecode.c.h; path = SecondViewController.h; sourceTree = "<group>"; };
		4C20164017817C8100CBF606 /* SecondViewController.m */ = {isa = PBXFileReference; fileEncoding = 4; lastKnownFileType = sourcecode.c.objc; path = SecondViewController.m; sourceTree = "<group>"; };
		4C20164117817C8100CBF606 /* TestSample-Info.plist */ = {isa = PBXFileReference; fileEncoding = 4; lastKnownFileType = text.plist.xml; path = "TestSample-Info.plist"; sourceTree = "<group>"; };
		4C20164217817C8100CBF606 /* TestSample-Prefix.pch */ = {isa = PBXFileReference; fileEncoding = 4; lastKnownFileType = sourcecode.c.h; path = "TestSample-Prefix.pch"; sourceTree = "<group>"; };
		4C20164317817C8100CBF606 /* ThirdViewController.h */ = {isa = PBXFileReference; fileEncoding = 4; lastKnownFileType = sourcecode.c.h; path = ThirdViewController.h; sourceTree = "<group>"; };
		4C20164417817C8100CBF606 /* ThirdViewController.m */ = {isa = PBXFileReference; fileEncoding = 4; lastKnownFileType = sourcecode.c.objc; path = ThirdViewController.m; sourceTree = "<group>"; };
		4C20164517817C8100CBF606 /* ThirdViewController.xib */ = {isa = PBXFileReference; fileEncoding = 4; lastKnownFileType = file.xib; path = ThirdViewController.xib; sourceTree = "<group>"; };
		4C20164617817C8100CBF606 /* WebViewController.h */ = {isa = PBXFileReference; fileEncoding = 4; lastKnownFileType = sourcecode.c.h; path = WebViewController.h; sourceTree = "<group>"; };
		4C20164717817C8100CBF606 /* WebViewController.m */ = {isa = PBXFileReference; fileEncoding = 4; lastKnownFileType = sourcecode.c.objc; path = WebViewController.m; sourceTree = "<group>"; };
		4C20164817817C8100CBF606 /* WebViewController.xib */ = {isa = PBXFileReference; fileEncoding = 4; lastKnownFileType = file.xib; path = WebViewController.xib; sourceTree = "<group>"; };
		4C6F31FE1786F35A004D4A99 /* bookmark.png */ = {isa = PBXFileReference; lastKnownFileType = image.png; path = bookmark.png; sourceTree = "<group>"; };
		4C6F31FF1786F35A004D4A99 /* bookmark@2x.png */ = {isa = PBXFileReference; lastKnownFileType = image.png; path = "bookmark@2x.png"; sourceTree = "<group>"; };
		4C6F32001786F35A004D4A99 /* camera.png */ = {isa = PBXFileReference; lastKnownFileType = image.png; path = camera.png; sourceTree = "<group>"; };
		4C6F32011786F35A004D4A99 /* camera@2x.png */ = {isa = PBXFileReference; lastKnownFileType = image.png; path = "camera@2x.png"; sourceTree = "<group>"; };
		4C6F32021786F35A004D4A99 /* camera_button.png */ = {isa = PBXFileReference; lastKnownFileType = image.png; path = camera_button.png; sourceTree = "<group>"; };
		4C6F32031786F35A004D4A99 /* camera_button@2x.png */ = {isa = PBXFileReference; lastKnownFileType = image.png; path = "camera_button@2x.png"; sourceTree = "<group>"; };
		4C6F32041786F35A004D4A99 /* home.png */ = {isa = PBXFileReference; lastKnownFileType = image.png; path = home.png; sourceTree = "<group>"; };
		4C6F32051786F35A004D4A99 /* home@2x.png */ = {isa = PBXFileReference; lastKnownFileType = image.png; path = "home@2x.png"; sourceTree = "<group>"; };
		4C6F32061786F35A004D4A99 /* Icon.png */ = {isa = PBXFileReference; lastKnownFileType = image.png; path = Icon.png; sourceTree = "<group>"; };
		4C6F32071786F35A004D4A99 /* Icon@2x.png */ = {isa = PBXFileReference; lastKnownFileType = image.png; path = "Icon@2x.png"; sourceTree = "<group>"; };
		4C6F32081786F35A004D4A99 /* input_bar.png */ = {isa = PBXFileReference; lastKnownFileType = image.png; path = input_bar.png; sourceTree = "<group>"; };
		4C6F32091786F35A004D4A99 /* input_bar@2x.png */ = {isa = PBXFileReference; lastKnownFileType = image.png; path = "input_bar@2x.png"; sourceTree = "<group>"; };
		4C6F320A1786F35A004D4A99 /* input_bg.png */ = {isa = PBXFileReference; lastKnownFileType = image.png; path = input_bg.png; sourceTree = "<group>"; };
		4C6F320B1786F35A004D4A99 /* input_bg@2x.png */ = {isa = PBXFileReference; lastKnownFileType = image.png; path = "input_bg@2x.png"; sourceTree = "<group>"; };
		4C6F320C1786F35A004D4A99 /* login_button.png */ = {isa = PBXFileReference; lastKnownFileType = image.png; path = login_button.png; sourceTree = "<group>"; };
		4C6F320D1786F35A004D4A99 /* login_button@2x.png */ = {isa = PBXFileReference; lastKnownFileType = image.png; path = "login_button@2x.png"; sourceTree = "<group>"; };
		4C6F320E1786F35A004D4A99 /* login_page_bg.png */ = {isa = PBXFileReference; lastKnownFileType = image.png; path = login_page_bg.png; sourceTree = "<group>"; };
		4C6F320F1786F35A004D4A99 /* login_page_bg@2x.png */ = {isa = PBXFileReference; lastKnownFileType = image.png; path = "login_page_bg@2x.png"; sourceTree = "<group>"; };
		4C6F32101786F35A004D4A99 /* splash_page.png */ = {isa = PBXFileReference; lastKnownFileType = image.png; path = splash_page.png; sourceTree = "<group>"; };
		4C6F32111786F35A004D4A99 /* splash_page@2x.png */ = {isa = PBXFileReference; lastKnownFileType = image.png; path = "splash_page@2x.png"; sourceTree = "<group>"; };
		4C6F32261786F3DB004D4A99 /* Default.png */ = {isa = PBXFileReference; lastKnownFileType = image.png; path = Default.png; sourceTree = "<group>"; };
		4C6F32281786F3E5004D4A99 /* Default@2x.png */ = {isa = PBXFileReference; lastKnownFileType = image.png; path = "Default@2x.png"; sourceTree = "<group>"; };
		4C6F322A1786F40C004D4A99 /* Icon.png */ = {isa = PBXFileReference; lastKnownFileType = image.png; path = Icon.png; sourceTree = "<group>"; };
		4C6F322C1786F413004D4A99 /* Icon@2x.png */ = {isa = PBXFileReference; lastKnownFileType = image.png; path = "Icon@2x.png"; sourceTree = "<group>"; };
		4C6F322E178853F8004D4A99 /* MobileCoreServices.framework */ = {isa = PBXFileReference; lastKnownFileType = wrapper.framework; name = MobileCoreServices.framework; path = System/Library/Frameworks/MobileCoreServices.framework; sourceTree = SDKROOT; };
		4C6F3230178857C4004D4A99 /* MediaPlayer.framework */ = {isa = PBXFileReference; lastKnownFileType = wrapper.framework; name = MediaPlayer.framework; path = System/Library/Frameworks/MediaPlayer.framework; sourceTree = SDKROOT; };
		4CD66BE6177D23360097C4AE /* TestSample.app */ = {isa = PBXFileReference; explicitFileType = wrapper.application; includeInIndex = 0; path = TestSample.app; sourceTree = BUILT_PRODUCTS_DIR; };
		4CD66BE9177D23360097C4AE /* UIKit.framework */ = {isa = PBXFileReference; lastKnownFileType = wrapper.framework; name = UIKit.framework; path = System/Library/Frameworks/UIKit.framework; sourceTree = SDKROOT; };
		4CD66BEB177D23360097C4AE /* Foundation.framework */ = {isa = PBXFileReference; lastKnownFileType = wrapper.framework; name = Foundation.framework; path = System/Library/Frameworks/Foundation.framework; sourceTree = SDKROOT; };
		4CD66BED177D23360097C4AE /* CoreGraphics.framework */ = {isa = PBXFileReference; lastKnownFileType = wrapper.framework; name = CoreGraphics.framework; path = System/Library/Frameworks/CoreGraphics.framework; sourceTree = SDKROOT; };
/* End PBXFileReference section */

/* Begin PBXFrameworksBuildPhase section */
		4CD66BE3177D23360097C4AE /* Frameworks */ = {
			isa = PBXFrameworksBuildPhase;
			buildActionMask = 2147483647;
			files = (
				4C6F3231178857C4004D4A99 /* MediaPlayer.framework in Frameworks */,
				4C6F322F178853F8004D4A99 /* MobileCoreServices.framework in Frameworks */,
				4CD66BEA177D23360097C4AE /* UIKit.framework in Frameworks */,
				4CD66BEC177D23360097C4AE /* Foundation.framework in Frameworks */,
				4CD66BEE177D23360097C4AE /* CoreGraphics.framework in Frameworks */,
			);
			runOnlyForDeploymentPostprocessing = 0;
		};
/* End PBXFrameworksBuildPhase section */

/* Begin PBXGroup section */
		4C20162A17817C8100CBF606 /* TestSample */ = {
			isa = PBXGroup;
			children = (
				4C20162C17817C8100CBF606 /* AppDelegate.h */,
				4C20162D17817C8100CBF606 /* AppDelegate.m */,
				4C20162E17817C8100CBF606 /* Default-568h@2x.png */,
				4C20162F17817C8100CBF606 /* Default.png */,
				4C20163017817C8100CBF606 /* Default@2x.png */,
				4C20163317817C8100CBF606 /* InfoPlist.strings */,
				4C20163717817C8100CBF606 /* first.png */,
				4C20163817817C8100CBF606 /* first@2x.png */,
				4C20163917817C8100CBF606 /* FirstViewController.h */,
				4C20163A17817C8100CBF606 /* FirstViewController.m */,
				4C20163117817C8100CBF606 /* FirstViewController.xib */,
				4C20163B17817C8100CBF606 /* main.m */,
				4C20163D17817C8100CBF606 /* second.png */,
				4C20163E17817C8100CBF606 /* second@2x.png */,
				4C20163F17817C8100CBF606 /* SecondViewController.h */,
				4C20164017817C8100CBF606 /* SecondViewController.m */,
				4C20163517817C8100CBF606 /* SecondViewController.xib */,
				4C20164117817C8100CBF606 /* TestSample-Info.plist */,
				4C20164217817C8100CBF606 /* TestSample-Prefix.pch */,
				4C20164317817C8100CBF606 /* ThirdViewController.h */,
				4C20164417817C8100CBF606 /* ThirdViewController.m */,
				4C20164517817C8100CBF606 /* ThirdViewController.xib */,
				4C20164617817C8100CBF606 /* WebViewController.h */,
				4C20164717817C8100CBF606 /* WebViewController.m */,
				4C20164817817C8100CBF606 /* WebViewController.xib */,
			);
			path = TestSample;
			sourceTree = "<group>";
		};
		4C6F31FD1786F35A004D4A99 /* images */ = {
			isa = PBXGroup;
			children = (
				4C6F31FE1786F35A004D4A99 /* bookmark.png */,
				4C6F31FF1786F35A004D4A99 /* bookmark@2x.png */,
				4C6F32001786F35A004D4A99 /* camera.png */,
				4C6F32011786F35A004D4A99 /* camera@2x.png */,
				4C6F32021786F35A004D4A99 /* camera_button.png */,
				4C6F32031786F35A004D4A99 /* camera_button@2x.png */,
				4C6F32041786F35A004D4A99 /* home.png */,
				4C6F32051786F35A004D4A99 /* home@2x.png */,
				4C6F32061786F35A004D4A99 /* Icon.png */,
				4C6F32071786F35A004D4A99 /* Icon@2x.png */,
				4C6F32081786F35A004D4A99 /* input_bar.png */,
				4C6F32091786F35A004D4A99 /* input_bar@2x.png */,
				4C6F320A1786F35A004D4A99 /* input_bg.png */,
				4C6F320B1786F35A004D4A99 /* input_bg@2x.png */,
				4C6F320C1786F35A004D4A99 /* login_button.png */,
				4C6F320D1786F35A004D4A99 /* login_button@2x.png */,
				4C6F320E1786F35A004D4A99 /* login_page_bg.png */,
				4C6F320F1786F35A004D4A99 /* login_page_bg@2x.png */,
				4C6F32101786F35A004D4A99 /* splash_page.png */,
				4C6F32111786F35A004D4A99 /* splash_page@2x.png */,
			);
			name = images;
			path = TestSample/images;
			sourceTree = "<group>";
		};
		4CD66BDD177D23360097C4AE = {
			isa = PBXGroup;
			children = (
				4C6F3230178857C4004D4A99 /* MediaPlayer.framework */,
				4C6F322C1786F413004D4A99 /* Icon@2x.png */,
				4C6F322A1786F40C004D4A99 /* Icon.png */,
				4C6F32281786F3E5004D4A99 /* Default@2x.png */,
				4C6F32261786F3DB004D4A99 /* Default.png */,
				4C6F31FD1786F35A004D4A99 /* images */,
				4C20162A17817C8100CBF606 /* TestSample */,
				4CD66BE8177D23360097C4AE /* Frameworks */,
				4CD66BE7177D23360097C4AE /* Products */,
			);
			sourceTree = "<group>";
		};
		4CD66BE7177D23360097C4AE /* Products */ = {
			isa = PBXGroup;
			children = (
				4CD66BE6177D23360097C4AE /* TestSample.app */,
			);
			name = Products;
			sourceTree = "<group>";
		};
		4CD66BE8177D23360097C4AE /* Frameworks */ = {
			isa = PBXGroup;
			children = (
				4C6F322E178853F8004D4A99 /* MobileCoreServices.framework */,
				4CD66BE9177D23360097C4AE /* UIKit.framework */,
				4CD66BEB177D23360097C4AE /* Foundation.framework */,
				4CD66BED177D23360097C4AE /* CoreGraphics.framework */,
			);
			name = Frameworks;
			sourceTree = "<group>";
		};
/* End PBXGroup section */

/* Begin PBXNativeTarget section */
		4CD66BE5177D23360097C4AE /* TestSample */ = {
			isa = PBXNativeTarget;
			buildConfigurationList = 4CD66C17177D23360097C4AE /* Build configuration list for PBXNativeTarget "TestSample" */;
			buildPhases = (
				4CD66BE2177D23360097C4AE /* Sources */,
				4CD66BE3177D23360097C4AE /* Frameworks */,
				4CD66BE4177D23360097C4AE /* Resources */,
			);
			buildRules = (
			);
			dependencies = (
			);
			name = TestSample;
			productName = TestSampe;
			productReference = 4CD66BE6177D23360097C4AE /* TestSample.app */;
			productType = "com.apple.product-type.application";
		};
/* End PBXNativeTarget section */

/* Begin PBXProject section */
		4CD66BDE177D23360097C4AE /* Project object */ = {
			isa = PBXProject;
			attributes = {
				LastUpgradeCheck = 0460;
				ORGANIZATIONNAME = ShawnHung;
			};
			buildConfigurationList = 4CD66BE1177D23360097C4AE /* Build configuration list for PBXProject "TestSample" */;
			compatibilityVersion = "Xcode 3.2";
			developmentRegion = English;
			hasScannedForEncodings = 0;
			knownRegions = (
				en,
			);
			mainGroup = 4CD66BDD177D23360097C4AE;
			productRefGroup = 4CD66BE7177D23360097C4AE /* Products */;
			projectDirPath = "";
			projectRoot = "";
			targets = (
				4CD66BE5177D23360097C4AE /* TestSample */,
			);
		};
/* End PBXProject section */

/* Begin PBXResourcesBuildPhase section */
		4CD66BE4177D23360097C4AE /* Resources */ = {
			isa = PBXResourcesBuildPhase;
			buildActionMask = 2147483647;
			files = (
				4C20164B17817C8100CBF606 /* Default-568h@2x.png in Resources */,
				4C20164C17817C8100CBF606 /* Default.png in Resources */,
				4C20164D17817C8100CBF606 /* Default@2x.png in Resources */,
				4C20164E17817C8100CBF606 /* FirstViewController.xib in Resources */,
				4C20165017817C8100CBF606 /* SecondViewController.xib in Resources */,
				4C20165117817C8100CBF606 /* first.png in Resources */,
				4C20165217817C8100CBF606 /* first@2x.png in Resources */,
				4C20165617817C8100CBF606 /* second.png in Resources */,
				4C20165717817C8100CBF606 /* second@2x.png in Resources */,
				4C20165B17817C8100CBF606 /* ThirdViewController.xib in Resources */,
				4C20165D17817C8100CBF606 /* WebViewController.xib in Resources */,
				4C6F32121786F35A004D4A99 /* bookmark.png in Resources */,
				4C6F32131786F35A004D4A99 /* bookmark@2x.png in Resources */,
				4C6F32141786F35A004D4A99 /* camera.png in Resources */,
				4C6F32151786F35A004D4A99 /* camera@2x.png in Resources */,
				4C6F32161786F35A004D4A99 /* camera_button.png in Resources */,
				4C6F32171786F35A004D4A99 /* camera_button@2x.png in Resources */,
				4C6F32181786F35A004D4A99 /* home.png in Resources */,
				4C6F32191786F35A004D4A99 /* home@2x.png in Resources */,
				4C6F321A1786F35A004D4A99 /* Icon.png in Resources */,
				4C6F321B1786F35A004D4A99 /* Icon@2x.png in Resources */,
				4C6F321C1786F35A004D4A99 /* input_bar.png in Resources */,
				4C6F321D1786F35A004D4A99 /* input_bar@2x.png in Resources */,
				4C6F321E1786F35A004D4A99 /* input_bg.png in Resources */,
				4C6F321F1786F35A004D4A99 /* input_bg@2x.png in Resources */,
				4C6F32201786F35A004D4A99 /* login_button.png in Resources */,
				4C6F32211786F35A004D4A99 /* login_button@2x.png in Resources */,
				4C6F32221786F35A004D4A99 /* login_page_bg.png in Resources */,
				4C6F32231786F35A004D4A99 /* login_page_bg@2x.png in Resources */,
				4C6F32241786F35A004D4A99 /* splash_page.png in Resources */,
				4C6F32251786F35A004D4A99 /* splash_page@2x.png in Resources */,
				4C6F32271786F3DB004D4A99 /* Default.png in Resources */,
				4C6F32291786F3E5004D4A99 /* Default@2x.png in Resources */,
				4C6F322B1786F40C004D4A99 /* Icon.png in Resources */,
				4C6F322D1786F413004D4A99 /* Icon@2x.png in Resources */,
			);
			runOnlyForDeploymentPostprocessing = 0;
		};
/* End PBXResourcesBuildPhase section */

/* Begin PBXSourcesBuildPhase section */
		4CD66BE2177D23360097C4AE /* Sources */ = {
			isa = PBXSourcesBuildPhase;
			buildActionMask = 2147483647;
			files = (
				4C20164A17817C8100CBF606 /* AppDelegate.m in Sources */,
				4C20165317817C8100CBF606 /* FirstViewController.m in Sources */,
				4C20165417817C8100CBF606 /* main.m in Sources */,
				4C20165817817C8100CBF606 /* SecondViewController.m in Sources */,
				4C20165A17817C8100CBF606 /* ThirdViewController.m in Sources */,
				4C20165C17817C8100CBF606 /* WebViewController.m in Sources */,
			);
			runOnlyForDeploymentPostprocessing = 0;
		};
/* End PBXSourcesBuildPhase section */

/* Begin PBXVariantGroup section */
		4C20163117817C8100CBF606 /* FirstViewController.xib */ = {
			isa = PBXVariantGroup;
			children = (
				4C20163217817C8100CBF606 /* en */,
			);
			name = FirstViewController.xib;
			sourceTree = "<group>";
		};
		4C20163317817C8100CBF606 /* InfoPlist.strings */ = {
			isa = PBXVariantGroup;
			children = (
				4C20163417817C8100CBF606 /* en */,
			);
			name = InfoPlist.strings;
			sourceTree = "<group>";
		};
		4C20163517817C8100CBF606 /* SecondViewController.xib */ = {
			isa = PBXVariantGroup;
			children = (
				4C20163617817C8100CBF606 /* en */,
			);
			name = SecondViewController.xib;
			sourceTree = "<group>";
		};
/* End PBXVariantGroup section */

/* Begin XCBuildConfiguration section */
		4CD66C15177D23360097C4AE /* Debug */ = {
			isa = XCBuildConfiguration;
			buildSettings = {
				ALWAYS_SEARCH_USER_PATHS = NO;
				CLANG_CXX_LANGUAGE_STANDARD = "gnu++0x";
				CLANG_CXX_LIBRARY = "libc++";
				CLANG_WARN_CONSTANT_CONVERSION = YES;
				CLANG_WARN_EMPTY_BODY = YES;
				CLANG_WARN_ENUM_CONVERSION = YES;
				CLANG_WARN_INT_CONVERSION = YES;
				CLANG_WARN__DUPLICATE_METHOD_MATCH = YES;
				"CODE_SIGN_IDENTITY[sdk=iphoneos*]" = "iPhone Developer";
				COPY_PHASE_STRIP = NO;
				GCC_C_LANGUAGE_STANDARD = gnu99;
				GCC_DYNAMIC_NO_PIC = NO;
				GCC_OPTIMIZATION_LEVEL = 0;
				GCC_PREPROCESSOR_DEFINITIONS = (
					"DEBUG=1",
					"$(inherited)",
				);
				GCC_SYMBOLS_PRIVATE_EXTERN = NO;
				GCC_WARN_ABOUT_RETURN_TYPE = YES;
				GCC_WARN_UNINITIALIZED_AUTOS = YES;
				GCC_WARN_UNUSED_VARIABLE = YES;
				IPHONEOS_DEPLOYMENT_TARGET = 6.1;
				ONLY_ACTIVE_ARCH = YES;
				SDKROOT = iphoneos;
			};
			name = Debug;
		};
		4CD66C16177D23360097C4AE /* Release */ = {
			isa = XCBuildConfiguration;
			buildSettings = {
				ALWAYS_SEARCH_USER_PATHS = NO;
				CLANG_CXX_LANGUAGE_STANDARD = "gnu++0x";
				CLANG_CXX_LIBRARY = "libc++";
				CLANG_WARN_CONSTANT_CONVERSION = YES;
				CLANG_WARN_EMPTY_BODY = YES;
				CLANG_WARN_ENUM_CONVERSION = YES;
				CLANG_WARN_INT_CONVERSION = YES;
				CLANG_WARN__DUPLICATE_METHOD_MATCH = YES;
				"CODE_SIGN_IDENTITY[sdk=iphoneos*]" = "iPhone Developer";
				COPY_PHASE_STRIP = YES;
				GCC_C_LANGUAGE_STANDARD = gnu99;
				GCC_WARN_ABOUT_RETURN_TYPE = YES;
				GCC_WARN_UNINITIALIZED_AUTOS = YES;
				GCC_WARN_UNUSED_VARIABLE = YES;
				IPHONEOS_DEPLOYMENT_TARGET = 6.1;
				OTHER_CFLAGS = "-DNS_BLOCK_ASSERTIONS=1";
				SDKROOT = iphoneos;
				VALIDATE_PRODUCT = YES;
			};
			name = Release;
		};
		4CD66C18177D23360097C4AE /* Debug */ = {
			isa = XCBuildConfiguration;
			buildSettings = {
				CODE_SIGN_IDENTITY = "iPhone Developer";
				GCC_PRECOMPILE_PREFIX_HEADER = YES;
				GCC_PREFIX_HEADER = "TestSample/TestSample-Prefix.pch";
				INFOPLIST_FILE = "$(SRCROOT)/TestSample/TestSample-Info.plist";
				IPHONEOS_DEPLOYMENT_TARGET = 6.1;
				PRODUCT_NAME = TestSample;
				PROVISIONING_PROFILE = "";
				VALIDATE_PRODUCT = YES;
				WRAPPER_EXTENSION = app;
			};
			name = Debug;
		};
		4CD66C19177D23360097C4AE /* Release */ = {
			isa = XCBuildConfiguration;
			buildSettings = {
				CODE_SIGN_IDENTITY = "iPhone Developer";
				GCC_PRECOMPILE_PREFIX_HEADER = YES;
				GCC_PREFIX_HEADER = "TestSample/TestSample-Prefix.pch";
				INFOPLIST_FILE = "$(SRCROOT)/TestSample/TestSample-Info.plist";
				IPHONEOS_DEPLOYMENT_TARGET = 6.1;
				PRODUCT_NAME = TestSample;
				PROVISIONING_PROFILE = "";
				VALIDATE_PRODUCT = YES;
				WRAPPER_EXTENSION = app;
			};
			name = Release;
		};
/* End XCBuildConfiguration section */

/* Begin XCConfigurationList section */
		4CD66BE1177D23360097C4AE /* Build configuration list for PBXProject "TestSample" */ = {
			isa = XCConfigurationList;
			buildConfigurations = (
				4CD66C15177D23360097C4AE /* Debug */,
				4CD66C16177D23360097C4AE /* Release */,
			);
			defaultConfigurationIsVisible = 0;
			defaultConfigurationName = Release;
		};
		4CD66C17177D23360097C4AE /* Build configuration list for PBXNativeTarget "TestSample" */ = {
			isa = XCConfigurationList;
			buildConfigurations = (
				4CD66C18177D23360097C4AE /* Debug */,
				4CD66C19177D23360097C4AE /* Release */,
			);
			defaultConfigurationIsVisible = 0;
			defaultConfigurationName = Release;
		};
/* End XCConfigurationList section */
	};
	rootObject = 4CD66BDE177D23360097C4AE /* Project object */;
}
